// !$*UTF8*$!
{
	archiveVersion = 1;
	classes = {
	};
	objectVersion = 56;
	objects = {

/* Begin PBXBuildFile section */
		4AEA251A2B27B374009C8EA4 /* ios_livestreamer_innercircleApp.swift in Sources */ = {isa = PBXBuildFile; fileRef = 4AEA25192B27B374009C8EA4 /* ios_livestreamer_innercircleApp.swift */; };
		4AEA251C2B27B374009C8EA4 /* HomeView.swift in Sources */ = {isa = PBXBuildFile; fileRef = 4AEA251B2B27B374009C8EA4 /* HomeView.swift */; };
		4AEA251E2B27B376009C8EA4 /* Assets.xcassets in Resources */ = {isa = PBXBuildFile; fileRef = 4AEA251D2B27B376009C8EA4 /* Assets.xcassets */; };
		4AEA25212B27B376009C8EA4 /* Preview Assets.xcassets in Resources */ = {isa = PBXBuildFile; fileRef = 4AEA25202B27B376009C8EA4 /* Preview Assets.xcassets */; };
		FFD130BA2B34EBCF003A732F /* AuthenticationView.swift in Sources */ = {isa = PBXBuildFile; fileRef = FFD130B92B34EBCF003A732F /* AuthenticationView.swift */; };
		FFD130BC2B34F09D003A732F /* PaywallView.swift in Sources */ = {isa = PBXBuildFile; fileRef = FFD130BB2B34F09D003A732F /* PaywallView.swift */; };
		FFD130BE2B34F1FC003A732F /* LivestreamView.swift in Sources */ = {isa = PBXBuildFile; fileRef = FFD130BD2B34F1FC003A732F /* LivestreamView.swift */; };
		FFD130C02B34F631003A732F /* ProfileView.swift in Sources */ = {isa = PBXBuildFile; fileRef = FFD130BF2B34F631003A732F /* ProfileView.swift */; };
		FFF663FF2B59C2DF00C66B1F /* StreamVideo in Frameworks */ = {isa = PBXBuildFile; productRef = FFF663FE2B59C2DF00C66B1F /* StreamVideo */; };
		FFF664012B59C2DF00C66B1F /* StreamVideoSwiftUI in Frameworks */ = {isa = PBXBuildFile; productRef = FFF664002B59C2DF00C66B1F /* StreamVideoSwiftUI */; };
/* End PBXBuildFile section */

/* Begin PBXFileReference section */
		4AEA25162B27B374009C8EA4 /* ios-livestreamer-innercircle.app */ = {isa = PBXFileReference; explicitFileType = wrapper.application; includeInIndex = 0; path = "ios-livestreamer-innercircle.app"; sourceTree = BUILT_PRODUCTS_DIR; };
		4AEA25192B27B374009C8EA4 /* ios_livestreamer_innercircleApp.swift */ = {isa = PBXFileReference; lastKnownFileType = sourcecode.swift; path = ios_livestreamer_innercircleApp.swift; sourceTree = "<group>"; };
		4AEA251B2B27B374009C8EA4 /* HomeView.swift */ = {isa = PBXFileReference; lastKnownFileType = sourcecode.swift; path = HomeView.swift; sourceTree = "<group>"; };
		4AEA251D2B27B376009C8EA4 /* Assets.xcassets */ = {isa = PBXFileReference; lastKnownFileType = folder.assetcatalog; path = Assets.xcassets; sourceTree = "<group>"; };
		4AEA25202B27B376009C8EA4 /* Preview Assets.xcassets */ = {isa = PBXFileReference; lastKnownFileType = folder.assetcatalog; path = "Preview Assets.xcassets"; sourceTree = "<group>"; };
		FFD130B92B34EBCF003A732F /* AuthenticationView.swift */ = {isa = PBXFileReference; lastKnownFileType = sourcecode.swift; path = AuthenticationView.swift; sourceTree = "<group>"; };
		FFD130BB2B34F09D003A732F /* PaywallView.swift */ = {isa = PBXFileReference; lastKnownFileType = sourcecode.swift; path = PaywallView.swift; sourceTree = "<group>"; };
		FFD130BD2B34F1FC003A732F /* LivestreamView.swift */ = {isa = PBXFileReference; lastKnownFileType = sourcecode.swift; path = LivestreamView.swift; sourceTree = "<group>"; };
		FFD130BF2B34F631003A732F /* ProfileView.swift */ = {isa = PBXFileReference; lastKnownFileType = sourcecode.swift; path = ProfileView.swift; sourceTree = "<group>"; };
/* End PBXFileReference section */

/* Begin PBXFrameworksBuildPhase section */
		4AEA25132B27B374009C8EA4 /* Frameworks */ = {
			isa = PBXFrameworksBuildPhase;
			buildActionMask = 2147483647;
			files = (
				FFF664012B59C2DF00C66B1F /* StreamVideoSwiftUI in Frameworks */,
				FFF663FF2B59C2DF00C66B1F /* StreamVideo in Frameworks */,
			);
			runOnlyForDeploymentPostprocessing = 0;
		};
/* End PBXFrameworksBuildPhase section */

/* Begin PBXGroup section */
		4AEA250D2B27B374009C8EA4 = {
			isa = PBXGroup;
			children = (
				4AEA25182B27B374009C8EA4 /* ios-livestreamer-innercircle */,
				4AEA25172B27B374009C8EA4 /* Products */,
			);
			sourceTree = "<group>";
		};
		4AEA25172B27B374009C8EA4 /* Products */ = {
			isa = PBXGroup;
			children = (
				4AEA25162B27B374009C8EA4 /* ios-livestreamer-innercircle.app */,
			);
			name = Products;
			sourceTree = "<group>";
		};
		4AEA25182B27B374009C8EA4 /* ios-livestreamer-innercircle */ = {
			isa = PBXGroup;
			children = (
				4AEA25192B27B374009C8EA4 /* ios_livestreamer_innercircleApp.swift */,
				4AEA251B2B27B374009C8EA4 /* HomeView.swift */,
				FFD130B92B34EBCF003A732F /* AuthenticationView.swift */,
				FFD130BF2B34F631003A732F /* ProfileView.swift */,
				FFD130BB2B34F09D003A732F /* PaywallView.swift */,
				FFD130BD2B34F1FC003A732F /* LivestreamView.swift */,
				4AEA251D2B27B376009C8EA4 /* Assets.xcassets */,
				4AEA251F2B27B376009C8EA4 /* Preview Content */,
			);
			path = "ios-livestreamer-innercircle";
			sourceTree = "<group>";
		};
		4AEA251F2B27B376009C8EA4 /* Preview Content */ = {
			isa = PBXGroup;
			children = (
				4AEA25202B27B376009C8EA4 /* Preview Assets.xcassets */,
			);
			path = "Preview Content";
			sourceTree = "<group>";
		};
/* End PBXGroup section */

/* Begin PBXNativeTarget section */
		4AEA25152B27B374009C8EA4 /* ios-livestreamer-innercircle */ = {
			isa = PBXNativeTarget;
			buildConfigurationList = 4AEA25242B27B376009C8EA4 /* Build configuration list for PBXNativeTarget "ios-livestreamer-innercircle" */;
			buildPhases = (
				4AEA25122B27B374009C8EA4 /* Sources */,
				4AEA25132B27B374009C8EA4 /* Frameworks */,
				4AEA25142B27B374009C8EA4 /* Resources */,
			);
			buildRules = (
			);
			dependencies = (
			);
			name = "ios-livestreamer-innercircle";
			packageProductDependencies = (
				FFF663FE2B59C2DF00C66B1F /* StreamVideo */,
				FFF664002B59C2DF00C66B1F /* StreamVideoSwiftUI */,
			);
			productName = "ios-livestreamer-innercircle";
			productReference = 4AEA25162B27B374009C8EA4 /* ios-livestreamer-innercircle.app */;
			productType = "com.apple.product-type.application";
		};
/* End PBXNativeTarget section */

/* Begin PBXProject section */
		4AEA250E2B27B374009C8EA4 /* Project object */ = {
			isa = PBXProject;
			attributes = {
				BuildIndependentTargetsInParallel = 1;
				LastSwiftUpdateCheck = 1510;
				LastUpgradeCheck = 1510;
				TargetAttributes = {
					4AEA25152B27B374009C8EA4 = {
						CreatedOnToolsVersion = 15.1;
					};
				};
			};
			buildConfigurationList = 4AEA25112B27B374009C8EA4 /* Build configuration list for PBXProject "ios-livestreamer-innercircle" */;
			compatibilityVersion = "Xcode 14.0";
			developmentRegion = en;
			hasScannedForEncodings = 0;
			knownRegions = (
				en,
				Base,
			);
			mainGroup = 4AEA250D2B27B374009C8EA4;
			packageReferences = (
				FFF663FD2B59C2DF00C66B1F /* XCRemoteSwiftPackageReference "stream-video-swift" */,
			);
			productRefGroup = 4AEA25172B27B374009C8EA4 /* Products */;
			projectDirPath = "";
			projectRoot = "";
			targets = (
				4AEA25152B27B374009C8EA4 /* ios-livestreamer-innercircle */,
			);
		};
/* End PBXProject section */

/* Begin PBXResourcesBuildPhase section */
		4AEA25142B27B374009C8EA4 /* Resources */ = {
			isa = PBXResourcesBuildPhase;
			buildActionMask = 2147483647;
			files = (
				4AEA25212B27B376009C8EA4 /* Preview Assets.xcassets in Resources */,
				4AEA251E2B27B376009C8EA4 /* Assets.xcassets in Resources */,
			);
			runOnlyForDeploymentPostprocessing = 0;
		};
/* End PBXResourcesBuildPhase section */

/* Begin PBXSourcesBuildPhase section */
		4AEA25122B27B374009C8EA4 /* Sources */ = {
			isa = PBXSourcesBuildPhase;
			buildActionMask = 2147483647;
			files = (
				4AEA251C2B27B374009C8EA4 /* HomeView.swift in Sources */,
				FFD130BE2B34F1FC003A732F /* LivestreamView.swift in Sources */,
				FFD130BC2B34F09D003A732F /* PaywallView.swift in Sources */,
				4AEA251A2B27B374009C8EA4 /* ios_livestreamer_innercircleApp.swift in Sources */,
				FFD130C02B34F631003A732F /* ProfileView.swift in Sources */,
				FFD130BA2B34EBCF003A732F /* AuthenticationView.swift in Sources */,
			);
			runOnlyForDeploymentPostprocessing = 0;
		};
/* End PBXSourcesBuildPhase section */

/* Begin XCBuildConfiguration section */
		4AEA25222B27B376009C8EA4 /* Debug */ = {
			isa = XCBuildConfiguration;
			buildSettings = {
				ALWAYS_SEARCH_USER_PATHS = NO;
				ASSETCATALOG_COMPILER_GENERATE_SWIFT_ASSET_SYMBOL_EXTENSIONS = YES;
				CLANG_ANALYZER_NONNULL = YES;
				CLANG_ANALYZER_NUMBER_OBJECT_CONVERSION = YES_AGGRESSIVE;
				CLANG_CXX_LANGUAGE_STANDARD = "gnu++20";
				CLANG_ENABLE_MODULES = YES;
				CLANG_ENABLE_OBJC_ARC = YES;
				CLANG_ENABLE_OBJC_WEAK = YES;
				CLANG_WARN_BLOCK_CAPTURE_AUTORELEASING = YES;
				CLANG_WARN_BOOL_CONVERSION = YES;
				CLANG_WARN_COMMA = YES;
				CLANG_WARN_CONSTANT_CONVERSION = YES;
				CLANG_WARN_DEPRECATED_OBJC_IMPLEMENTATIONS = YES;
				CLANG_WARN_DIRECT_OBJC_ISA_USAGE = YES_ERROR;
				CLANG_WARN_DOCUMENTATION_COMMENTS = YES;
				CLANG_WARN_EMPTY_BODY = YES;
				CLANG_WARN_ENUM_CONVERSION = YES;
				CLANG_WARN_INFINITE_RECURSION = YES;
				CLANG_WARN_INT_CONVERSION = YES;
				CLANG_WARN_NON_LITERAL_NULL_CONVERSION = YES;
				CLANG_WARN_OBJC_IMPLICIT_RETAIN_SELF = YES;
				CLANG_WARN_OBJC_LITERAL_CONVERSION = YES;
				CLANG_WARN_OBJC_ROOT_CLASS = YES_ERROR;
				CLANG_WARN_QUOTED_INCLUDE_IN_FRAMEWORK_HEADER = YES;
				CLANG_WARN_RANGE_LOOP_ANALYSIS = YES;
				CLANG_WARN_STRICT_PROTOTYPES = YES;
				CLANG_WARN_SUSPICIOUS_MOVE = YES;
				CLANG_WARN_UNGUARDED_AVAILABILITY = YES_AGGRESSIVE;
				CLANG_WARN_UNREACHABLE_CODE = YES;
				CLANG_WARN__DUPLICATE_METHOD_MATCH = YES;
				COPY_PHASE_STRIP = NO;
				DEBUG_INFORMATION_FORMAT = dwarf;
				ENABLE_STRICT_OBJC_MSGSEND = YES;
				ENABLE_TESTABILITY = YES;
				ENABLE_USER_SCRIPT_SANDBOXING = YES;
				GCC_C_LANGUAGE_STANDARD = gnu17;
				GCC_DYNAMIC_NO_PIC = NO;
				GCC_NO_COMMON_BLOCKS = YES;
				GCC_OPTIMIZATION_LEVEL = 0;
				GCC_PREPROCESSOR_DEFINITIONS = (
					"DEBUG=1",
					"$(inherited)",
				);
				GCC_WARN_64_TO_32_BIT_CONVERSION = YES;
				GCC_WARN_ABOUT_RETURN_TYPE = YES_ERROR;
				GCC_WARN_UNDECLARED_SELECTOR = YES;
				GCC_WARN_UNINITIALIZED_AUTOS = YES_AGGRESSIVE;
				GCC_WARN_UNUSED_FUNCTION = YES;
				GCC_WARN_UNUSED_VARIABLE = YES;
				IPHONEOS_DEPLOYMENT_TARGET = 17.0;
				LOCALIZATION_PREFERS_STRING_CATALOGS = YES;
				MTL_ENABLE_DEBUG_INFO = INCLUDE_SOURCE;
				MTL_FAST_MATH = YES;
				ONLY_ACTIVE_ARCH = YES;
				SDKROOT = iphoneos;
				SWIFT_ACTIVE_COMPILATION_CONDITIONS = "DEBUG $(inherited)";
				SWIFT_OPTIMIZATION_LEVEL = "-Onone";
			};
			name = Debug;
		};
		4AEA25232B27B376009C8EA4 /* Release */ = {
			isa = XCBuildConfiguration;
			buildSettings = {
				ALWAYS_SEARCH_USER_PATHS = NO;
				ASSETCATALOG_COMPILER_GENERATE_SWIFT_ASSET_SYMBOL_EXTENSIONS = YES;
				CLANG_ANALYZER_NONNULL = YES;
				CLANG_ANALYZER_NUMBER_OBJECT_CONVERSION = YES_AGGRESSIVE;
				CLANG_CXX_LANGUAGE_STANDARD = "gnu++20";
				CLANG_ENABLE_MODULES = YES;
				CLANG_ENABLE_OBJC_ARC = YES;
				CLANG_ENABLE_OBJC_WEAK = YES;
				CLANG_WARN_BLOCK_CAPTURE_AUTORELEASING = YES;
				CLANG_WARN_BOOL_CONVERSION = YES;
				CLANG_WARN_COMMA = YES;
				CLANG_WARN_CONSTANT_CONVERSION = YES;
				CLANG_WARN_DEPRECATED_OBJC_IMPLEMENTATIONS = YES;
				CLANG_WARN_DIRECT_OBJC_ISA_USAGE = YES_ERROR;
				CLANG_WARN_DOCUMENTATION_COMMENTS = YES;
				CLANG_WARN_EMPTY_BODY = YES;
				CLANG_WARN_ENUM_CONVERSION = YES;
				CLANG_WARN_INFINITE_RECURSION = YES;
				CLANG_WARN_INT_CONVERSION = YES;
				CLANG_WARN_NON_LITERAL_NULL_CONVERSION = YES;
				CLANG_WARN_OBJC_IMPLICIT_RETAIN_SELF = YES;
				CLANG_WARN_OBJC_LITERAL_CONVERSION = YES;
				CLANG_WARN_OBJC_ROOT_CLASS = YES_ERROR;
				CLANG_WARN_QUOTED_INCLUDE_IN_FRAMEWORK_HEADER = YES;
				CLANG_WARN_RANGE_LOOP_ANALYSIS = YES;
				CLANG_WARN_STRICT_PROTOTYPES = YES;
				CLANG_WARN_SUSPICIOUS_MOVE = YES;
				CLANG_WARN_UNGUARDED_AVAILABILITY = YES_AGGRESSIVE;
				CLANG_WARN_UNREACHABLE_CODE = YES;
				CLANG_WARN__DUPLICATE_METHOD_MATCH = YES;
				COPY_PHASE_STRIP = NO;
				DEBUG_INFORMATION_FORMAT = "dwarf-with-dsym";
				ENABLE_NS_ASSERTIONS = NO;
				ENABLE_STRICT_OBJC_MSGSEND = YES;
				ENABLE_USER_SCRIPT_SANDBOXING = YES;
				GCC_C_LANGUAGE_STANDARD = gnu17;
				GCC_NO_COMMON_BLOCKS = YES;
				GCC_WARN_64_TO_32_BIT_CONVERSION = YES;
				GCC_WARN_ABOUT_RETURN_TYPE = YES_ERROR;
				GCC_WARN_UNDECLARED_SELECTOR = YES;
				GCC_WARN_UNINITIALIZED_AUTOS = YES_AGGRESSIVE;
				GCC_WARN_UNUSED_FUNCTION = YES;
				GCC_WARN_UNUSED_VARIABLE = YES;
				IPHONEOS_DEPLOYMENT_TARGET = 17.0;
				LOCALIZATION_PREFERS_STRING_CATALOGS = YES;
				MTL_ENABLE_DEBUG_INFO = NO;
				MTL_FAST_MATH = YES;
				SDKROOT = iphoneos;
				SWIFT_COMPILATION_MODE = wholemodule;
				VALIDATE_PRODUCT = YES;
			};
			name = Release;
		};
		4AEA25252B27B376009C8EA4 /* Debug */ = {
			isa = XCBuildConfiguration;
			buildSettings = {
				ASSETCATALOG_COMPILER_APPICON_NAME = AppIcon;
				ASSETCATALOG_COMPILER_GLOBAL_ACCENT_COLOR_NAME = AccentColor;
				CODE_SIGN_STYLE = Automatic;
				CURRENT_PROJECT_VERSION = 1;
				DEVELOPMENT_ASSET_PATHS = "\"ios-livestreamer-innercircle/Preview Content\"";
				DEVELOPMENT_TEAM = EHV7XZLAHA;
				ENABLE_PREVIEWS = YES;
				GENERATE_INFOPLIST_FILE = YES;
				INFOPLIST_KEY_UIApplicationSceneManifest_Generation = YES;
				INFOPLIST_KEY_UIApplicationSupportsIndirectInputEvents = YES;
				INFOPLIST_KEY_UILaunchScreen_Generation = YES;
				INFOPLIST_KEY_UISupportedInterfaceOrientations_iPad = "UIInterfaceOrientationPortrait UIInterfaceOrientationPortraitUpsideDown UIInterfaceOrientationLandscapeLeft UIInterfaceOrientationLandscapeRight";
				INFOPLIST_KEY_UISupportedInterfaceOrientations_iPhone = "UIInterfaceOrientationPortrait UIInterfaceOrientationLandscapeLeft UIInterfaceOrientationLandscapeRight";
				IPHONEOS_DEPLOYMENT_TARGET = 17.0;
				LD_RUNPATH_SEARCH_PATHS = (
					"$(inherited)",
					"@executable_path/Frameworks",
				);
				MARKETING_VERSION = 1.0;
				PRODUCT_BUNDLE_IDENTIFIER = "io.getstream.ios-livestreamer-innercircle";
				PRODUCT_NAME = "$(TARGET_NAME)";
				SWIFT_EMIT_LOC_STRINGS = YES;
				SWIFT_VERSION = 5.0;
				TARGETED_DEVICE_FAMILY = "1,2";
			};
			name = Debug;
		};
		4AEA25262B27B376009C8EA4 /* Release */ = {
			isa = XCBuildConfiguration;
			buildSettings = {
				ASSETCATALOG_COMPILER_APPICON_NAME = AppIcon;
				ASSETCATALOG_COMPILER_GLOBAL_ACCENT_COLOR_NAME = AccentColor;
				CODE_SIGN_STYLE = Automatic;
				CURRENT_PROJECT_VERSION = 1;
				DEVELOPMENT_ASSET_PATHS = "\"ios-livestreamer-innercircle/Preview Content\"";
				DEVELOPMENT_TEAM = EHV7XZLAHA;
				ENABLE_PREVIEWS = YES;
				GENERATE_INFOPLIST_FILE = YES;
				INFOPLIST_KEY_UIApplicationSceneManifest_Generation = YES;
				INFOPLIST_KEY_UIApplicationSupportsIndirectInputEvents = YES;
				INFOPLIST_KEY_UILaunchScreen_Generation = YES;
				INFOPLIST_KEY_UISupportedInterfaceOrientations_iPad = "UIInterfaceOrientationPortrait UIInterfaceOrientationPortraitUpsideDown UIInterfaceOrientationLandscapeLeft UIInterfaceOrientationLandscapeRight";
				INFOPLIST_KEY_UISupportedInterfaceOrientations_iPhone = "UIInterfaceOrientationPortrait UIInterfaceOrientationLandscapeLeft UIInterfaceOrientationLandscapeRight";
				IPHONEOS_DEPLOYMENT_TARGET = 17.0;
				LD_RUNPATH_SEARCH_PATHS = (
					"$(inherited)",
					"@executable_path/Frameworks",
				);
				MARKETING_VERSION = 1.0;
				PRODUCT_BUNDLE_IDENTIFIER = "io.getstream.ios-livestreamer-innercircle";
				PRODUCT_NAME = "$(TARGET_NAME)";
				SWIFT_EMIT_LOC_STRINGS = YES;
				SWIFT_VERSION = 5.0;
				TARGETED_DEVICE_FAMILY = "1,2";
			};
			name = Release;
		};
/* End XCBuildConfiguration section */

/* Begin XCConfigurationList section */
		4AEA25112B27B374009C8EA4 /* Build configuration list for PBXProject "ios-livestreamer-innercircle" */ = {
			isa = XCConfigurationList;
			buildConfigurations = (
				4AEA25222B27B376009C8EA4 /* Debug */,
				4AEA25232B27B376009C8EA4 /* Release */,
			);
			defaultConfigurationIsVisible = 0;
			defaultConfigurationName = Release;
		};
		4AEA25242B27B376009C8EA4 /* Build configuration list for PBXNativeTarget "ios-livestreamer-innercircle" */ = {
			isa = XCConfigurationList;
			buildConfigurations = (
				4AEA25252B27B376009C8EA4 /* Debug */,
				4AEA25262B27B376009C8EA4 /* Release */,
			);
			defaultConfigurationIsVisible = 0;
			defaultConfigurationName = Release;
		};
/* End XCConfigurationList section */

/* Begin XCRemoteSwiftPackageReference section */
		FFF663FD2B59C2DF00C66B1F /* XCRemoteSwiftPackageReference "stream-video-swift" */ = {
			isa = XCRemoteSwiftPackageReference;
			repositoryURL = "https://github.com/GetStream/stream-video-swift";
			requirement = {
				kind = upToNextMajorVersion;
				minimumVersion = 0.4.2;
			};
		};
/* End XCRemoteSwiftPackageReference section */

/* Begin XCSwiftPackageProductDependency section */
		FFF663FE2B59C2DF00C66B1F /* StreamVideo */ = {
			isa = XCSwiftPackageProductDependency;
			package = FFF663FD2B59C2DF00C66B1F /* XCRemoteSwiftPackageReference "stream-video-swift" */;
			productName = StreamVideo;
		};
		FFF664002B59C2DF00C66B1F /* StreamVideoSwiftUI */ = {
			isa = XCSwiftPackageProductDependency;
			package = FFF663FD2B59C2DF00C66B1F /* XCRemoteSwiftPackageReference "stream-video-swift" */;
			productName = StreamVideoSwiftUI;
		};
/* End XCSwiftPackageProductDependency section */
	};
	rootObject = 4AEA250E2B27B374009C8EA4 /* Project object */;
}
